
Microsoft Visual Studio Solution File, Format Version 12.00
# Visual Studio 14
VisualStudioVersion = 14.0.25420.1
MinimumVisualStudioVersion = 10.0.40219.1
Project("{2150E333-8FDC-42A3-9474-1A3956D46DE8}") = "src", "src", "{B7140416-D160-4C83-A45F-813D597B0A08}"
EndProject
Project("{2150E333-8FDC-42A3-9474-1A3956D46DE8}") = "Solution Items", "Solution Items", "{F38244CE-6449-4983-8F75-D14FC2BF38DC}"
	ProjectSection(SolutionItems) = preProject
		global.json = global.json
	EndProjectSection
EndProject
Project("{8BB2217D-0F2D-49D1-97BC-3654ED321F3B}") = "WebApplication2", "src\WebApplication2\WebApplication2.xproj", "{50A9FE2E-2EDD-4CEA-81B8-53210379CAEB}"
EndProject
Global
	GlobalSection(SolutionConfigurationPlatforms) = preSolution
		Debug|Any CPU = Debug|Any CPU
		Release|Any CPU = Release|Any CPU
	EndGlobalSection
	GlobalSection(ProjectConfigurationPlatforms) = postSolution
		{50A9FE2E-2EDD-4CEA-81B8-53210379CAEB}.Debug|Any CPU.ActiveCfg = Debug|Any CPU
		{50A9FE2E-2EDD-4CEA-81B8-53210379CAEB}.Debug|Any CPU.Build.0 = Debug|Any CPU
		{50A9FE2E-2EDD-4CEA-81B8-53210379CAEB}.Release|Any CPU.ActiveCfg = Release|Any CPU
		{50A9FE2E-2EDD-4CEA-81B8-53210379CAEB}.Release|Any CPU.Build.0 = Release|Any CPU
	EndGlobalSection
	GlobalSection(SolutionProperties) = preSolution
		HideSolutionNode = FALSE
	EndGlobalSection
	GlobalSection(NestedProjects) = preSolution
		{50A9FE2E-2EDD-4CEA-81B8-53210379CAEB} = {B7140416-D160-4C83-A45F-813D597B0A08}
	EndGlobalSection
EndGlobal
